
Microsoft Visual Studio Solution File, Format Version 12.00
# Visual Studio Version 17
VisualStudioVersion = 17.9.34714.143
MinimumVisualStudioVersion = 10.0.40219.1
Project("{FAE04EC0-301F-11D3-BF4B-00C04F79EFBC}") = "DIO.Calc", "DIO.Calc\DIO.Calc.csproj", "{FDA3C70A-04DD-48C8-A09D-C46699D3C06D}"
EndProject
Project("{FAE04EC0-301F-11D3-BF4B-00C04F79EFBC}") = "DIO.Calc.Test", "DIO.Calc.Test\DIO.Calc.Test.csproj", "{D1C4D8BB-50C3-44BC-9130-D0CAA01BA24C}"
EndProject
Global
	GlobalSection(SolutionConfigurationPlatforms) = preSolution
		Debug|Any CPU = Debug|Any CPU
		Release|Any CPU = Release|Any CPU
	EndGlobalSection
	GlobalSection(ProjectConfigurationPlatforms) = postSolution
		{FDA3C70A-04DD-48C8-A09D-C46699D3C06D}.Debug|Any CPU.ActiveCfg = Debug|Any CPU
		{FDA3C70A-04DD-48C8-A09D-C46699D3C06D}.Debug|Any CPU.Build.0 = Debug|Any CPU
		{FDA3C70A-04DD-48C8-A09D-C46699D3C06D}.Release|Any CPU.ActiveCfg = Release|Any CPU
		{FDA3C70A-04DD-48C8-A09D-C46699D3C06D}.Release|Any CPU.Build.0 = Release|Any CPU
		{D1C4D8BB-50C3-44BC-9130-D0CAA01BA24C}.Debug|Any CPU.ActiveCfg = Debug|Any CPU
		{D1C4D8BB-50C3-44BC-9130-D0CAA01BA24C}.Debug|Any CPU.Build.0 = Debug|Any CPU
		{D1C4D8BB-50C3-44BC-9130-D0CAA01BA24C}.Release|Any CPU.ActiveCfg = Release|Any CPU
		{D1C4D8BB-50C3-44BC-9130-D0CAA01BA24C}.Release|Any CPU.Build.0 = Release|Any CPU
	EndGlobalSection
	GlobalSection(SolutionProperties) = preSolution
		HideSolutionNode = FALSE
	EndGlobalSection
	GlobalSection(ExtensibilityGlobals) = postSolution
		SolutionGuid = {541EA600-70FF-4439-AAFB-850230E2D78D}
	EndGlobalSection
EndGlobal
